{
  "name": "mattermost-master",
  "lockfileVersion": 3,
  "requires": true,
  "packages": {
    "": {
      "dependencies": {
        "@fortawesome/fontawesome-free": "^6.6.0",
        "@mattermost/compass-icons": "^0.1.47",
        "linkify-html": "^4.1.3",
        "linkifyjs": "^4.1.3"
      }
    },
    "node_modules/@fortawesome/fontawesome-free": {
      "version": "6.6.0",
      "resolved": "https://registry.npmjs.org/@fortawesome/fontawesome-free/-/fontawesome-free-6.6.0.tgz",
      "integrity": "sha512-60G28ke/sXdtS9KZCpZSHHkCbdsOGEhIUGlwq6yhY74UpTiToIh8np7A8yphhM4BWsvNFtIvLpi4co+h9Mr9Ow==",
      "license": "(CC-BY-4.0 AND OFL-1.1 AND MIT)",
      "engines": {
        "node": ">=6"
      }
    },
    "node_modules/@mattermost/compass-icons": {
      "version": "0.1.47",
      "resolved": "https://registry.npmjs.org/@mattermost/compass-icons/-/compass-icons-0.1.47.tgz",
      "integrity": "sha512-vI4j1m/B9qQu51g5YnMQBft8gDh/ZWp3JHBgZXJwb522uY2o6WjwOpCbFwdJxWnD2uq/N2D9wDNmdutJNddf+w==",
      "license": "MIT"
    },
    "node_modules/linkify-html": {
      "version": "4.1.3",
      "resolved": "https://registry.npmjs.org/linkify-html/-/linkify-html-4.1.3.tgz",
      "integrity": "sha512-Ejb8X/pOxB4IVqG1U37tnF85UW3JtX+eHudH3zlZ2pODz2e/J7zQ/vj+VDWffwhTecJqdRehhluwrRmKoJz+iQ==",
      "license": "MIT",
      "peerDependencies": {
        "linkifyjs": "^4.0.0"
      }
    },
    "node_modules/linkifyjs": {
      "version": "4.1.3",
      "resolved": "https://registry.npmjs.org/linkifyjs/-/linkifyjs-4.1.3.tgz",
      "integrity": "sha512-auMesunaJ8yfkHvK4gfg1K0SaKX/6Wn9g2Aac/NwX+l5VdmFZzo/hdPGxEOETj+ryRa4/fiOPjeeKURSAJx1sg==",
      "license": "MIT"
    }
  }
}
